
Microsoft Visual Studio Solution File, Format Version 12.00
# Visual Studio Version 16
VisualStudioVersion = 16.0.30114.105
MinimumVisualStudioVersion = 10.0.40219.1
Project("{FAE04EC0-301F-11D3-BF4B-00C04F79EFBC}") = "API", "API\API.csproj", "{8E9C05D4-FE76-4970-8B54-24E0C4D3E300}"
EndProject
Project("{FAE04EC0-301F-11D3-BF4B-00C04F79EFBC}") = "Core", "Core\Core.csproj", "{0339138B-0E33-4500-A541-4939BD00D937}"
EndProject
Project("{FAE04EC0-301F-11D3-BF4B-00C04F79EFBC}") = "Infrastructure", "Infrastructure\Infrastructure.csproj", "{FE51F267-1EE0-4911-85AA-848C2934922F}"
EndProject
Global
	GlobalSection(SolutionConfigurationPlatforms) = preSolution
		Debug|Any CPU = Debug|Any CPU
		Release|Any CPU = Release|Any CPU
	EndGlobalSection
	GlobalSection(SolutionProperties) = preSolution
		HideSolutionNode = FALSE
	EndGlobalSection
	GlobalSection(ProjectConfigurationPlatforms) = postSolution
		{8E9C05D4-FE76-4970-8B54-24E0C4D3E300}.Debug|Any CPU.ActiveCfg = Debug|Any CPU
		{8E9C05D4-FE76-4970-8B54-24E0C4D3E300}.Debug|Any CPU.Build.0 = Debug|Any CPU
		{8E9C05D4-FE76-4970-8B54-24E0C4D3E300}.Release|Any CPU.ActiveCfg = Release|Any CPU
		{8E9C05D4-FE76-4970-8B54-24E0C4D3E300}.Release|Any CPU.Build.0 = Release|Any CPU
		{0339138B-0E33-4500-A541-4939BD00D937}.Debug|Any CPU.ActiveCfg = Debug|Any CPU
		{0339138B-0E33-4500-A541-4939BD00D937}.Debug|Any CPU.Build.0 = Debug|Any CPU
		{0339138B-0E33-4500-A541-4939BD00D937}.Release|Any CPU.ActiveCfg = Release|Any CPU
		{0339138B-0E33-4500-A541-4939BD00D937}.Release|Any CPU.Build.0 = Release|Any CPU
		{FE51F267-1EE0-4911-85AA-848C2934922F}.Debug|Any CPU.ActiveCfg = Debug|Any CPU
		{FE51F267-1EE0-4911-85AA-848C2934922F}.Debug|Any CPU.Build.0 = Debug|Any CPU
		{FE51F267-1EE0-4911-85AA-848C2934922F}.Release|Any CPU.ActiveCfg = Release|Any CPU
		{FE51F267-1EE0-4911-85AA-848C2934922F}.Release|Any CPU.Build.0 = Release|Any CPU
	EndGlobalSection
EndGlobal
